
Microsoft Visual Studio Solution File, Format Version 12.00
# Visual Studio Version 17
VisualStudioVersion = 17.8.34322.80
MinimumVisualStudioVersion = 10.0.40219.1
Project("{FAE04EC0-301F-11D3-BF4B-00C04F79EFBC}") = "AnimeApp", "AnimeApp.csproj", "{562B0299-DD67-4617-BF2C-4DC40892D344}"
EndProject
Global
	GlobalSection(SolutionConfigurationPlatforms) = preSolution
		Debug|Any CPU = Debug|Any CPU
		Release|Any CPU = Release|Any CPU
	EndGlobalSection
	GlobalSection(ProjectConfigurationPlatforms) = postSolution
		{562B0299-DD67-4617-BF2C-4DC40892D344}.Debug|Any CPU.ActiveCfg = Debug|Any CPU
		{562B0299-DD67-4617-BF2C-4DC40892D344}.Debug|Any CPU.Build.0 = Debug|Any CPU
		{562B0299-DD67-4617-BF2C-4DC40892D344}.Release|Any CPU.ActiveCfg = Release|Any CPU
		{562B0299-DD67-4617-BF2C-4DC40892D344}.Release|Any CPU.Build.0 = Release|Any CPU
	EndGlobalSection
	GlobalSection(SolutionProperties) = preSolution
		HideSolutionNode = FALSE
	EndGlobalSection
	GlobalSection(ExtensibilityGlobals) = postSolution
		SolutionGuid = {98848E9E-86FC-4A37-BD9E-EEAEB6BCCB8F}
	EndGlobalSection
EndGlobal
